
Microsoft Visual Studio Solution File, Format Version 12.00
# Visual Studio Version 17
VisualStudioVersion = 17.0.31903.59
MinimumVisualStudioVersion = 10.0.40219.1
Project("{2150E333-8FDC-42A3-9474-1A3956D46DE8}") = "services", "services", "{5854FF58-B8C5-05C6-5BF2-ACE42193F22B}"
EndProject
Project("{FAE04EC0-301F-11D3-BF4B-00C04F79EFBC}") = "SmartQr.Api", "SmartQr.Api\SmartQr.Api.csproj", "{2DDF09D9-34B0-4BED-9431-8D9B56314701}"
EndProject
Project("{FAE04EC0-301F-11D3-BF4B-00C04F79EFBC}") = "SmartQr.Common.Domain", "SmartQr.Common.Domain\SmartQr.Common.Domain.csproj", "{DABD4ABE-767B-42D1-A0DF-8E73A422D308}"
EndProject
Project("{FAE04EC0-301F-11D3-BF4B-00C04F79EFBC}") = "SmartQr.Common.Persistence", "SmartQr.Common.Persistence\SmartQr.Common.Persistence.csproj", "{3D9CEBD5-A752-4774-A5D6-AA7F3EB8E01C}"
EndProject
Project("{FAE04EC0-301F-11D3-BF4B-00C04F79EFBC}") = "SmartQr.Codes", "SmartQr.Codes\SmartQr.Codes.csproj", "{0C975CCF-6D0C-46B7-BF34-80ED2030BFD7}"
EndProject
Project("{FAE04EC0-301F-11D3-BF4B-00C04F79EFBC}") = "SmartQr.Redirect.Api", "SmartQr.Redirect.Api\SmartQr.Redirect.Api.csproj", "{F45E402F-C6F1-4106-BC0E-C88325A49209}"
EndProject
Project("{2150E333-8FDC-42A3-9474-1A3956D46DE8}") = "tests", "tests", "{0AB3BF05-4346-4AA6-1389-037BE0695223}"
EndProject
Project("{FAE04EC0-301F-11D3-BF4B-00C04F79EFBC}") = "SmartQr.Tests", "SmartQr.Tests\SmartQr.Tests.csproj", "{3785F5C3-FFFF-4C78-AD24-9FBD839601C0}"
EndProject
Project("{FAE04EC0-301F-11D3-BF4B-00C04F79EFBC}") = "SmartQr.IntegrationTests", "SmartQr.IntegrationTests\SmartQr.IntegrationTests.csproj", "{F43B826D-6302-4175-B31B-7F9FB74770F6}"
EndProject
Project("{FAE04EC0-301F-11D3-BF4B-00C04F79EFBC}") = "SmartQr.Migrations.Tests", "SmartQr.Migrations.Tests\SmartQr.Migrations.Tests.csproj", "{A147EBAF-613A-4663-9A91-32E6B90A59E2}"
EndProject
Global
	GlobalSection(SolutionConfigurationPlatforms) = preSolution
		Debug|Any CPU = Debug|Any CPU
		Debug|x64 = Debug|x64
		Debug|x86 = Debug|x86
		Release|Any CPU = Release|Any CPU
		Release|x64 = Release|x64
		Release|x86 = Release|x86
	EndGlobalSection
	GlobalSection(ProjectConfigurationPlatforms) = postSolution
		{2DDF09D9-34B0-4BED-9431-8D9B56314701}.Debug|Any CPU.ActiveCfg = Debug|Any CPU
		{2DDF09D9-34B0-4BED-9431-8D9B56314701}.Debug|Any CPU.Build.0 = Debug|Any CPU
		{2DDF09D9-34B0-4BED-9431-8D9B56314701}.Debug|x64.ActiveCfg = Debug|Any CPU
		{2DDF09D9-34B0-4BED-9431-8D9B56314701}.Debug|x64.Build.0 = Debug|Any CPU
		{2DDF09D9-34B0-4BED-9431-8D9B56314701}.Debug|x86.ActiveCfg = Debug|Any CPU
		{2DDF09D9-34B0-4BED-9431-8D9B56314701}.Debug|x86.Build.0 = Debug|Any CPU
		{2DDF09D9-34B0-4BED-9431-8D9B56314701}.Release|Any CPU.ActiveCfg = Release|Any CPU
		{2DDF09D9-34B0-4BED-9431-8D9B56314701}.Release|Any CPU.Build.0 = Release|Any CPU
		{2DDF09D9-34B0-4BED-9431-8D9B56314701}.Release|x64.ActiveCfg = Release|Any CPU
		{2DDF09D9-34B0-4BED-9431-8D9B56314701}.Release|x64.Build.0 = Release|Any CPU
		{2DDF09D9-34B0-4BED-9431-8D9B56314701}.Release|x86.ActiveCfg = Release|Any CPU
		{2DDF09D9-34B0-4BED-9431-8D9B56314701}.Release|x86.Build.0 = Release|Any CPU
		{DABD4ABE-767B-42D1-A0DF-8E73A422D308}.Debug|Any CPU.ActiveCfg = Debug|Any CPU
		{DABD4ABE-767B-42D1-A0DF-8E73A422D308}.Debug|Any CPU.Build.0 = Debug|Any CPU
		{DABD4ABE-767B-42D1-A0DF-8E73A422D308}.Debug|x64.ActiveCfg = Debug|Any CPU
		{DABD4ABE-767B-42D1-A0DF-8E73A422D308}.Debug|x64.Build.0 = Debug|Any CPU
		{DABD4ABE-767B-42D1-A0DF-8E73A422D308}.Debug|x86.ActiveCfg = Debug|Any CPU
		{DABD4ABE-767B-42D1-A0DF-8E73A422D308}.Debug|x86.Build.0 = Debug|Any CPU
		{DABD4ABE-767B-42D1-A0DF-8E73A422D308}.Release|Any CPU.ActiveCfg = Release|Any CPU
		{DABD4ABE-767B-42D1-A0DF-8E73A422D308}.Release|Any CPU.Build.0 = Release|Any CPU
		{DABD4ABE-767B-42D1-A0DF-8E73A422D308}.Release|x64.ActiveCfg = Release|Any CPU
		{DABD4ABE-767B-42D1-A0DF-8E73A422D308}.Release|x64.Build.0 = Release|Any CPU
		{DABD4ABE-767B-42D1-A0DF-8E73A422D308}.Release|x86.ActiveCfg = Release|Any CPU
		{DABD4ABE-767B-42D1-A0DF-8E73A422D308}.Release|x86.Build.0 = Release|Any CPU
		{3D9CEBD5-A752-4774-A5D6-AA7F3EB8E01C}.Debug|Any CPU.ActiveCfg = Debug|Any CPU
		{3D9CEBD5-A752-4774-A5D6-AA7F3EB8E01C}.Debug|Any CPU.Build.0 = Debug|Any CPU
		{3D9CEBD5-A752-4774-A5D6-AA7F3EB8E01C}.Debug|x64.ActiveCfg = Debug|Any CPU
		{3D9CEBD5-A752-4774-A5D6-AA7F3EB8E01C}.Debug|x64.Build.0 = Debug|Any CPU
		{3D9CEBD5-A752-4774-A5D6-AA7F3EB8E01C}.Debug|x86.ActiveCfg = Debug|Any CPU
		{3D9CEBD5-A752-4774-A5D6-AA7F3EB8E01C}.Debug|x86.Build.0 = Debug|Any CPU
		{3D9CEBD5-A752-4774-A5D6-AA7F3EB8E01C}.Release|Any CPU.ActiveCfg = Release|Any CPU
		{3D9CEBD5-A752-4774-A5D6-AA7F3EB8E01C}.Release|Any CPU.Build.0 = Release|Any CPU
		{3D9CEBD5-A752-4774-A5D6-AA7F3EB8E01C}.Release|x64.ActiveCfg = Release|Any CPU
		{3D9CEBD5-A752-4774-A5D6-AA7F3EB8E01C}.Release|x64.Build.0 = Release|Any CPU
		{3D9CEBD5-A752-4774-A5D6-AA7F3EB8E01C}.Release|x86.ActiveCfg = Release|Any CPU
		{3D9CEBD5-A752-4774-A5D6-AA7F3EB8E01C}.Release|x86.Build.0 = Release|Any CPU
		{0C975CCF-6D0C-46B7-BF34-80ED2030BFD7}.Debug|Any CPU.ActiveCfg = Debug|Any CPU
		{0C975CCF-6D0C-46B7-BF34-80ED2030BFD7}.Debug|Any CPU.Build.0 = Debug|Any CPU
		{0C975CCF-6D0C-46B7-BF34-80ED2030BFD7}.Debug|x64.ActiveCfg = Debug|Any CPU
		{0C975CCF-6D0C-46B7-BF34-80ED2030BFD7}.Debug|x64.Build.0 = Debug|Any CPU
		{0C975CCF-6D0C-46B7-BF34-80ED2030BFD7}.Debug|x86.ActiveCfg = Debug|Any CPU
		{0C975CCF-6D0C-46B7-BF34-80ED2030BFD7}.Debug|x86.Build.0 = Debug|Any CPU
		{0C975CCF-6D0C-46B7-BF34-80ED2030BFD7}.Release|Any CPU.ActiveCfg = Release|Any CPU
		{0C975CCF-6D0C-46B7-BF34-80ED2030BFD7}.Release|Any CPU.Build.0 = Release|Any CPU
		{0C975CCF-6D0C-46B7-BF34-80ED2030BFD7}.Release|x64.ActiveCfg = Release|Any CPU
		{0C975CCF-6D0C-46B7-BF34-80ED2030BFD7}.Release|x64.Build.0 = Release|Any CPU
		{0C975CCF-6D0C-46B7-BF34-80ED2030BFD7}.Release|x86.ActiveCfg = Release|Any CPU
		{0C975CCF-6D0C-46B7-BF34-80ED2030BFD7}.Release|x86.Build.0 = Release|Any CPU
		{F45E402F-C6F1-4106-BC0E-C88325A49209}.Debug|Any CPU.ActiveCfg = Debug|Any CPU
		{F45E402F-C6F1-4106-BC0E-C88325A49209}.Debug|Any CPU.Build.0 = Debug|Any CPU
		{F45E402F-C6F1-4106-BC0E-C88325A49209}.Debug|x64.ActiveCfg = Debug|Any CPU
		{F45E402F-C6F1-4106-BC0E-C88325A49209}.Debug|x64.Build.0 = Debug|Any CPU
		{F45E402F-C6F1-4106-BC0E-C88325A49209}.Debug|x86.ActiveCfg = Debug|Any CPU
		{F45E402F-C6F1-4106-BC0E-C88325A49209}.Debug|x86.Build.0 = Debug|Any CPU
		{F45E402F-C6F1-4106-BC0E-C88325A49209}.Release|Any CPU.ActiveCfg = Release|Any CPU
		{F45E402F-C6F1-4106-BC0E-C88325A49209}.Release|Any CPU.Build.0 = Release|Any CPU
		{F45E402F-C6F1-4106-BC0E-C88325A49209}.Release|x64.ActiveCfg = Release|Any CPU
		{F45E402F-C6F1-4106-BC0E-C88325A49209}.Release|x64.Build.0 = Release|Any CPU
		{F45E402F-C6F1-4106-BC0E-C88325A49209}.Release|x86.ActiveCfg = Release|Any CPU
		{F45E402F-C6F1-4106-BC0E-C88325A49209}.Release|x86.Build.0 = Release|Any CPU
		{3785F5C3-FFFF-4C78-AD24-9FBD839601C0}.Debug|Any CPU.ActiveCfg = Debug|Any CPU
		{3785F5C3-FFFF-4C78-AD24-9FBD839601C0}.Debug|Any CPU.Build.0 = Debug|Any CPU
		{3785F5C3-FFFF-4C78-AD24-9FBD839601C0}.Debug|x64.ActiveCfg = Debug|Any CPU
		{3785F5C3-FFFF-4C78-AD24-9FBD839601C0}.Debug|x64.Build.0 = Debug|Any CPU
		{3785F5C3-FFFF-4C78-AD24-9FBD839601C0}.Debug|x86.ActiveCfg = Debug|Any CPU
		{3785F5C3-FFFF-4C78-AD24-9FBD839601C0}.Debug|x86.Build.0 = Debug|Any CPU
		{3785F5C3-FFFF-4C78-AD24-9FBD839601C0}.Release|Any CPU.ActiveCfg = Release|Any CPU
		{3785F5C3-FFFF-4C78-AD24-9FBD839601C0}.Release|Any CPU.Build.0 = Release|Any CPU
		{3785F5C3-FFFF-4C78-AD24-9FBD839601C0}.Release|x64.ActiveCfg = Release|Any CPU
		{3785F5C3-FFFF-4C78-AD24-9FBD839601C0}.Release|x64.Build.0 = Release|Any CPU
		{3785F5C3-FFFF-4C78-AD24-9FBD839601C0}.Release|x86.ActiveCfg = Release|Any CPU
		{3785F5C3-FFFF-4C78-AD24-9FBD839601C0}.Release|x86.Build.0 = Release|Any CPU
		{F43B826D-6302-4175-B31B-7F9FB74770F6}.Debug|Any CPU.ActiveCfg = Debug|Any CPU
		{F43B826D-6302-4175-B31B-7F9FB74770F6}.Debug|Any CPU.Build.0 = Debug|Any CPU
		{F43B826D-6302-4175-B31B-7F9FB74770F6}.Debug|x64.ActiveCfg = Debug|Any CPU
		{F43B826D-6302-4175-B31B-7F9FB74770F6}.Debug|x64.Build.0 = Debug|Any CPU
		{F43B826D-6302-4175-B31B-7F9FB74770F6}.Debug|x86.ActiveCfg = Debug|Any CPU
		{F43B826D-6302-4175-B31B-7F9FB74770F6}.Debug|x86.Build.0 = Debug|Any CPU
		{F43B826D-6302-4175-B31B-7F9FB74770F6}.Release|Any CPU.ActiveCfg = Release|Any CPU
		{F43B826D-6302-4175-B31B-7F9FB74770F6}.Release|Any CPU.Build.0 = Release|Any CPU
		{F43B826D-6302-4175-B31B-7F9FB74770F6}.Release|x64.ActiveCfg = Release|Any CPU
		{F43B826D-6302-4175-B31B-7F9FB74770F6}.Release|x64.Build.0 = Release|Any CPU
		{F43B826D-6302-4175-B31B-7F9FB74770F6}.Release|x86.ActiveCfg = Release|Any CPU
		{F43B826D-6302-4175-B31B-7F9FB74770F6}.Release|x86.Build.0 = Release|Any CPU
		{A147EBAF-613A-4663-9A91-32E6B90A59E2}.Debug|Any CPU.ActiveCfg = Debug|Any CPU
		{A147EBAF-613A-4663-9A91-32E6B90A59E2}.Debug|Any CPU.Build.0 = Debug|Any CPU
		{A147EBAF-613A-4663-9A91-32E6B90A59E2}.Debug|x64.ActiveCfg = Debug|Any CPU
		{A147EBAF-613A-4663-9A91-32E6B90A59E2}.Debug|x64.Build.0 = Debug|Any CPU
		{A147EBAF-613A-4663-9A91-32E6B90A59E2}.Debug|x86.ActiveCfg = Debug|Any CPU
		{A147EBAF-613A-4663-9A91-32E6B90A59E2}.Debug|x86.Build.0 = Debug|Any CPU
		{A147EBAF-613A-4663-9A91-32E6B90A59E2}.Release|Any CPU.ActiveCfg = Release|Any CPU
		{A147EBAF-613A-4663-9A91-32E6B90A59E2}.Release|Any CPU.Build.0 = Release|Any CPU
		{A147EBAF-613A-4663-9A91-32E6B90A59E2}.Release|x64.ActiveCfg = Release|Any CPU
		{A147EBAF-613A-4663-9A91-32E6B90A59E2}.Release|x64.Build.0 = Release|Any CPU
		{A147EBAF-613A-4663-9A91-32E6B90A59E2}.Release|x86.ActiveCfg = Release|Any CPU
		{A147EBAF-613A-4663-9A91-32E6B90A59E2}.Release|x86.Build.0 = Release|Any CPU
	EndGlobalSection
	GlobalSection(SolutionProperties) = preSolution
		HideSolutionNode = FALSE
	EndGlobalSection
	GlobalSection(NestedProjects) = preSolution
		{2DDF09D9-34B0-4BED-9431-8D9B56314701} = {5854FF58-B8C5-05C6-5BF2-ACE42193F22B}
		{DABD4ABE-767B-42D1-A0DF-8E73A422D308} = {5854FF58-B8C5-05C6-5BF2-ACE42193F22B}
		{3D9CEBD5-A752-4774-A5D6-AA7F3EB8E01C} = {5854FF58-B8C5-05C6-5BF2-ACE42193F22B}
		{0C975CCF-6D0C-46B7-BF34-80ED2030BFD7} = {5854FF58-B8C5-05C6-5BF2-ACE42193F22B}
		{F45E402F-C6F1-4106-BC0E-C88325A49209} = {5854FF58-B8C5-05C6-5BF2-ACE42193F22B}
		{3785F5C3-FFFF-4C78-AD24-9FBD839601C0} = {0AB3BF05-4346-4AA6-1389-037BE0695223}
		{F43B826D-6302-4175-B31B-7F9FB74770F6} = {0AB3BF05-4346-4AA6-1389-037BE0695223}
		{A147EBAF-613A-4663-9A91-32E6B90A59E2} = {0AB3BF05-4346-4AA6-1389-037BE0695223}
	EndGlobalSection
EndGlobal
